
Microsoft Visual Studio Solution File, Format Version 12.00
# Visual Studio 14
VisualStudioVersion = 14.0.23107.0
MinimumVisualStudioVersion = 10.0.40219.1
Project("{FAE04EC0-301F-11D3-BF4B-00C04F79EFBC}") = "XmlSorter", "XmlSorter.csproj", "{7EDC351B-9086-47CE-8703-D02CE9E384B0}"
EndProject
Project("{FAE04EC0-301F-11D3-BF4B-00C04F79EFBC}") = "XmlSorterCLI", "XmlSorterCLI\XmlSorterCLI.csproj", "{338BB2AD-7260-46AC-9F99-862B6925E8BB}"
EndProject
Project("{FAE04EC0-301F-11D3-BF4B-00C04F79EFBC}") = "XmlSorterLib", "XmlSorterLib\XmlSorterLib.csproj", "{761AF63A-E29B-4DD9-88B2-312E83EABE03}"
EndProject
Global
	GlobalSection(SolutionConfigurationPlatforms) = preSolution
		Debug|Any CPU = Debug|Any CPU
		Release|Any CPU = Release|Any CPU
	EndGlobalSection
	GlobalSection(ProjectConfigurationPlatforms) = postSolution
		{7EDC351B-9086-47CE-8703-D02CE9E384B0}.Debug|Any CPU.ActiveCfg = Debug|Any CPU
		{7EDC351B-9086-47CE-8703-D02CE9E384B0}.Debug|Any CPU.Build.0 = Debug|Any CPU
		{7EDC351B-9086-47CE-8703-D02CE9E384B0}.Release|Any CPU.ActiveCfg = Release|Any CPU
		{7EDC351B-9086-47CE-8703-D02CE9E384B0}.Release|Any CPU.Build.0 = Release|Any CPU
		{338BB2AD-7260-46AC-9F99-862B6925E8BB}.Debug|Any CPU.ActiveCfg = Debug|Any CPU
		{338BB2AD-7260-46AC-9F99-862B6925E8BB}.Debug|Any CPU.Build.0 = Debug|Any CPU
		{338BB2AD-7260-46AC-9F99-862B6925E8BB}.Release|Any CPU.ActiveCfg = Release|Any CPU
		{338BB2AD-7260-46AC-9F99-862B6925E8BB}.Release|Any CPU.Build.0 = Release|Any CPU
		{761AF63A-E29B-4DD9-88B2-312E83EABE03}.Debug|Any CPU.ActiveCfg = Debug|Any CPU
		{761AF63A-E29B-4DD9-88B2-312E83EABE03}.Debug|Any CPU.Build.0 = Debug|Any CPU
		{761AF63A-E29B-4DD9-88B2-312E83EABE03}.Release|Any CPU.ActiveCfg = Release|Any CPU
		{761AF63A-E29B-4DD9-88B2-312E83EABE03}.Release|Any CPU.Build.0 = Release|Any CPU
	EndGlobalSection
	GlobalSection(SolutionProperties) = preSolution
		HideSolutionNode = FALSE
	EndGlobalSection
EndGlobal
